
Microsoft Visual Studio Solution File, Format Version 12.00
# Visual Studio Version 17
VisualStudioVersion = 17.9.34622.214
MinimumVisualStudioVersion = 10.0.40219.1
Project("{FAE04EC0-301F-11D3-BF4B-00C04F79EFBC}") = "POEPart1Prog2A", "POEPart1Prog2A\POEPart1Prog2A.csproj", "{2B8CEF0E-5481-4D1F-849B-F0D66595D3F4}"
EndProject
Global
	GlobalSection(SolutionConfigurationPlatforms) = preSolution
		Debug|Any CPU = Debug|Any CPU
		Release|Any CPU = Release|Any CPU
	EndGlobalSection
	GlobalSection(ProjectConfigurationPlatforms) = postSolution
		{2B8CEF0E-5481-4D1F-849B-F0D66595D3F4}.Debug|Any CPU.ActiveCfg = Debug|Any CPU
		{2B8CEF0E-5481-4D1F-849B-F0D66595D3F4}.Debug|Any CPU.Build.0 = Debug|Any CPU
		{2B8CEF0E-5481-4D1F-849B-F0D66595D3F4}.Release|Any CPU.ActiveCfg = Release|Any CPU
		{2B8CEF0E-5481-4D1F-849B-F0D66595D3F4}.Release|Any CPU.Build.0 = Release|Any CPU
	EndGlobalSection
	GlobalSection(SolutionProperties) = preSolution
		HideSolutionNode = FALSE
	EndGlobalSection
	GlobalSection(ExtensibilityGlobals) = postSolution
		SolutionGuid = {1D585116-D51E-4FD9-A6E2-B516D074517E}
	EndGlobalSection
EndGlobal
